
Microsoft Visual Studio Solution File, Format Version 12.00
# Visual Studio Version 17
VisualStudioVersion = 17.6.33829.357
MinimumVisualStudioVersion = 10.0.40219.1
Project("{FAE04EC0-301F-11D3-BF4B-00C04F79EFBC}") = "ChallengeApp", "ChallengeApp\ChallengeApp.csproj", "{77964AD2-9903-49FB-B397-7A7C8A3B1ADD}"
EndProject
Global
	GlobalSection(SolutionConfigurationPlatforms) = preSolution
		Debug|Any CPU = Debug|Any CPU
		Release|Any CPU = Release|Any CPU
	EndGlobalSection
	GlobalSection(ProjectConfigurationPlatforms) = postSolution
		{77964AD2-9903-49FB-B397-7A7C8A3B1ADD}.Debug|Any CPU.ActiveCfg = Debug|Any CPU
		{77964AD2-9903-49FB-B397-7A7C8A3B1ADD}.Debug|Any CPU.Build.0 = Debug|Any CPU
		{77964AD2-9903-49FB-B397-7A7C8A3B1ADD}.Release|Any CPU.ActiveCfg = Release|Any CPU
		{77964AD2-9903-49FB-B397-7A7C8A3B1ADD}.Release|Any CPU.Build.0 = Release|Any CPU
	EndGlobalSection
	GlobalSection(SolutionProperties) = preSolution
		HideSolutionNode = FALSE
	EndGlobalSection
	GlobalSection(ExtensibilityGlobals) = postSolution
		SolutionGuid = {2BB542A0-CF1D-4E8F-A621-D5BB804338F9}
	EndGlobalSection
EndGlobal
