
Microsoft Visual Studio Solution File, Format Version 12.00
# Visual Studio Version 17
VisualStudioVersion = 17.6.33829.357
MinimumVisualStudioVersion = 10.0.40219.1
Project("{FAE04EC0-301F-11D3-BF4B-00C04F79EFBC}") = "Day5", "Day5\Day5.csproj", "{55605423-E31B-459B-9D6A-27518CF95EAD}"
EndProject
Global
	GlobalSection(SolutionConfigurationPlatforms) = preSolution
		Debug|Any CPU = Debug|Any CPU
		Release|Any CPU = Release|Any CPU
	EndGlobalSection
	GlobalSection(ProjectConfigurationPlatforms) = postSolution
		{55605423-E31B-459B-9D6A-27518CF95EAD}.Debug|Any CPU.ActiveCfg = Debug|Any CPU
		{55605423-E31B-459B-9D6A-27518CF95EAD}.Debug|Any CPU.Build.0 = Debug|Any CPU
		{55605423-E31B-459B-9D6A-27518CF95EAD}.Release|Any CPU.ActiveCfg = Release|Any CPU
		{55605423-E31B-459B-9D6A-27518CF95EAD}.Release|Any CPU.Build.0 = Release|Any CPU
	EndGlobalSection
	GlobalSection(SolutionProperties) = preSolution
		HideSolutionNode = FALSE
	EndGlobalSection
	GlobalSection(ExtensibilityGlobals) = postSolution
		SolutionGuid = {8FB524A8-A3AB-4A2C-856E-77422B377AE4}
	EndGlobalSection
EndGlobal
